// !$*UTF8*$!
{
	archiveVersion = 1;
	classes = {
	};
	objectVersion = 46;
	objects = {

/* Begin PBXBuildFile section */
		02208F761CE3C2CA009AF914 /* MenuScene.swift in Sources */ = {isa = PBXBuildFile; fileRef = 02208F751CE3C2CA009AF914 /* MenuScene.swift */; };
		02208F781CE3C927009AF914 /* MenuScene.sks in Resources */ = {isa = PBXBuildFile; fileRef = 02208F771CE3C927009AF914 /* MenuScene.sks */; };
		02208F7C1CE4FBBB009AF914 /* bensound-funnysong.mp3 in Resources */ = {isa = PBXBuildFile; fileRef = 02208F7B1CE4FBBB009AF914 /* bensound-funnysong.mp3 */; };
		02208F7E1CE4FC58009AF914 /* BackgroundMusic.swift in Sources */ = {isa = PBXBuildFile; fileRef = 02208F7D1CE4FC58009AF914 /* BackgroundMusic.swift */; };
		2704FD7A1CE503C200EEA563 /* HighScoreModel.xcdatamodeld in Sources */ = {isa = PBXBuildFile; fileRef = 2704FD781CE503C200EEA563 /* HighScoreModel.xcdatamodeld */; };
		2704FD7D1CE5053A00EEA563 /* HighScore+CoreDataProperties.swift in Sources */ = {isa = PBXBuildFile; fileRef = 2704FD7B1CE5053A00EEA563 /* HighScore+CoreDataProperties.swift */; };
		2704FD7E1CE5053A00EEA563 /* HighScore.swift in Sources */ = {isa = PBXBuildFile; fileRef = 2704FD7C1CE5053A00EEA563 /* HighScore.swift */; };
		2712B4991D14742400C12033 /* SmokeParticle.sks in Resources */ = {isa = PBXBuildFile; fileRef = 2712B4971D14742400C12033 /* SmokeParticle.sks */; };
		2712B49A1D14742400C12033 /* spark.png in Resources */ = {isa = PBXBuildFile; fileRef = 2712B4981D14742400C12033 /* spark.png */; };
		27FFF4D91D1480AB009C2B93 /* FireParticle.sks in Resources */ = {isa = PBXBuildFile; fileRef = 27FFF4D81D1480AB009C2B93 /* FireParticle.sks */; };
		93894D3B1CE3BC42008677AB /* GameLayer.swift in Sources */ = {isa = PBXBuildFile; fileRef = 93894D3A1CE3BC42008677AB /* GameLayer.swift */; };
		93894D3D1CE3BCBD008677AB /* BackgroundLayer.swift in Sources */ = {isa = PBXBuildFile; fileRef = 93894D3C1CE3BCBD008677AB /* BackgroundLayer.swift */; };
		93894D3F1CE3BD28008677AB /* HudLayer.swift in Sources */ = {isa = PBXBuildFile; fileRef = 93894D3E1CE3BD28008677AB /* HudLayer.swift */; };
		93894D411CE3BD54008677AB /* Player.swift in Sources */ = {isa = PBXBuildFile; fileRef = 93894D401CE3BD54008677AB /* Player.swift */; };
		93894D431CE3BDC0008677AB /* GameObject.swift in Sources */ = {isa = PBXBuildFile; fileRef = 93894D421CE3BDC0008677AB /* GameObject.swift */; };
		93894D451CE3BDD0008677AB /* Food.swift in Sources */ = {isa = PBXBuildFile; fileRef = 93894D441CE3BDD0008677AB /* Food.swift */; };
		93FE57471CE3B11E00C787C3 /* AppDelegate.swift in Sources */ = {isa = PBXBuildFile; fileRef = 93FE57461CE3B11E00C787C3 /* AppDelegate.swift */; };
		93FE57491CE3B11E00C787C3 /* GameScene.sks in Resources */ = {isa = PBXBuildFile; fileRef = 93FE57481CE3B11E00C787C3 /* GameScene.sks */; };
		93FE574B1CE3B11E00C787C3 /* GameScene.swift in Sources */ = {isa = PBXBuildFile; fileRef = 93FE574A1CE3B11E00C787C3 /* GameScene.swift */; };
		93FE574D1CE3B11E00C787C3 /* GameViewController.swift in Sources */ = {isa = PBXBuildFile; fileRef = 93FE574C1CE3B11E00C787C3 /* GameViewController.swift */; };
		93FE574F1CE3B11E00C787C3 /* Game.xcassets in Resources */ = {isa = PBXBuildFile; fileRef = 93FE574E1CE3B11E00C787C3 /* Game.xcassets */; };
		93FE57521CE3B11E00C787C3 /* Main.storyboard in Resources */ = {isa = PBXBuildFile; fileRef = 93FE57501CE3B11E00C787C3 /* Main.storyboard */; };
		93FE57541CE3B11E00C787C3 /* Assets.xcassets in Resources */ = {isa = PBXBuildFile; fileRef = 93FE57531CE3B11E00C787C3 /* Assets.xcassets */; };
		B11EAA011D1488F900BB7652 /* CustomButton.swift in Sources */ = {isa = PBXBuildFile; fileRef = B11EAA001D1488F900BB7652 /* CustomButton.swift */; };
		B11EAA031D148A0A00BB7652 /* Restart.png in Resources */ = {isa = PBXBuildFile; fileRef = B11EAA021D148A0A00BB7652 /* Restart.png */; };
		B11EAA051D148A3900BB7652 /* Home.png in Resources */ = {isa = PBXBuildFile; fileRef = B11EAA041D148A3900BB7652 /* Home.png */; };
		B1F152BD1D089B97005AD4CF /* GameOverScene.swift in Sources */ = {isa = PBXBuildFile; fileRef = B1F152BC1D089B97005AD4CF /* GameOverScene.swift */; };
/* End PBXBuildFile section */

/* Begin PBXFileReference section */
		02208F751CE3C2CA009AF914 /* MenuScene.swift */ = {isa = PBXFileReference; fileEncoding = 4; lastKnownFileType = sourcecode.swift; path = MenuScene.swift; sourceTree = "<group>"; };
		02208F771CE3C927009AF914 /* MenuScene.sks */ = {isa = PBXFileReference; lastKnownFileType = file.sks; path = MenuScene.sks; sourceTree = "<group>"; };
		02208F7B1CE4FBBB009AF914 /* bensound-funnysong.mp3 */ = {isa = PBXFileReference; lastKnownFileType = audio.mp3; path = "bensound-funnysong.mp3"; sourceTree = "<group>"; };
		02208F7D1CE4FC58009AF914 /* BackgroundMusic.swift */ = {isa = PBXFileReference; fileEncoding = 4; lastKnownFileType = sourcecode.swift; path = BackgroundMusic.swift; sourceTree = "<group>"; };
		2704FD791CE503C200EEA563 /* HighScoreModel.xcdatamodel */ = {isa = PBXFileReference; lastKnownFileType = wrapper.xcdatamodel; path = HighScoreModel.xcdatamodel; sourceTree = "<group>"; };
		2704FD7B1CE5053A00EEA563 /* HighScore+CoreDataProperties.swift */ = {isa = PBXFileReference; fileEncoding = 4; lastKnownFileType = sourcecode.swift; name = "HighScore+CoreDataProperties.swift"; path = "../HighScore+CoreDataProperties.swift"; sourceTree = "<group>"; };
		2704FD7C1CE5053A00EEA563 /* HighScore.swift */ = {isa = PBXFileReference; fileEncoding = 4; lastKnownFileType = sourcecode.swift; name = HighScore.swift; path = ../HighScore.swift; sourceTree = "<group>"; };
		2712B4971D14742400C12033 /* SmokeParticle.sks */ = {isa = PBXFileReference; lastKnownFileType = file.sks; path = SmokeParticle.sks; sourceTree = "<group>"; };
		2712B4981D14742400C12033 /* spark.png */ = {isa = PBXFileReference; lastKnownFileType = image.png; path = spark.png; sourceTree = "<group>"; };
		27FFF4D81D1480AB009C2B93 /* FireParticle.sks */ = {isa = PBXFileReference; lastKnownFileType = file.sks; path = FireParticle.sks; sourceTree = "<group>"; };
		93894D3A1CE3BC42008677AB /* GameLayer.swift */ = {isa = PBXFileReference; fileEncoding = 4; lastKnownFileType = sourcecode.swift; path = GameLayer.swift; sourceTree = "<group>"; };
		93894D3C1CE3BCBD008677AB /* BackgroundLayer.swift */ = {isa = PBXFileReference; fileEncoding = 4; lastKnownFileType = sourcecode.swift; path = BackgroundLayer.swift; sourceTree = "<group>"; };
		93894D3E1CE3BD28008677AB /* HudLayer.swift */ = {isa = PBXFileReference; fileEncoding = 4; lastKnownFileType = sourcecode.swift; path = HudLayer.swift; sourceTree = "<group>"; };
		93894D401CE3BD54008677AB /* Player.swift */ = {isa = PBXFileReference; fileEncoding = 4; lastKnownFileType = sourcecode.swift; path = Player.swift; sourceTree = "<group>"; };
		93894D421CE3BDC0008677AB /* GameObject.swift */ = {isa = PBXFileReference; fileEncoding = 4; lastKnownFileType = sourcecode.swift; path = GameObject.swift; sourceTree = "<group>"; };
		93894D441CE3BDD0008677AB /* Food.swift */ = {isa = PBXFileReference; fileEncoding = 4; lastKnownFileType = sourcecode.swift; path = Food.swift; sourceTree = "<group>"; };
		93FE57431CE3B11E00C787C3 /* Balance.app */ = {isa = PBXFileReference; explicitFileType = wrapper.application; includeInIndex = 0; path = Balance.app; sourceTree = BUILT_PRODUCTS_DIR; };
		93FE57461CE3B11E00C787C3 /* AppDelegate.swift */ = {isa = PBXFileReference; lastKnownFileType = sourcecode.swift; path = AppDelegate.swift; sourceTree = "<group>"; };
		93FE57481CE3B11E00C787C3 /* GameScene.sks */ = {isa = PBXFileReference; lastKnownFileType = file.sks; path = GameScene.sks; sourceTree = "<group>"; };
		93FE574A1CE3B11E00C787C3 /* GameScene.swift */ = {isa = PBXFileReference; lastKnownFileType = sourcecode.swift; path = GameScene.swift; sourceTree = "<group>"; };
		93FE574C1CE3B11E00C787C3 /* GameViewController.swift */ = {isa = PBXFileReference; lastKnownFileType = sourcecode.swift; path = GameViewController.swift; sourceTree = "<group>"; };
		93FE574E1CE3B11E00C787C3 /* Game.xcassets */ = {isa = PBXFileReference; lastKnownFileType = folder.assetcatalog; path = Game.xcassets; sourceTree = "<group>"; };
		93FE57511CE3B11E00C787C3 /* Base */ = {isa = PBXFileReference; lastKnownFileType = file.storyboard; name = Base; path = Base.lproj/Main.storyboard; sourceTree = "<group>"; };
		93FE57531CE3B11E00C787C3 /* Assets.xcassets */ = {isa = PBXFileReference; lastKnownFileType = folder.assetcatalog; path = Assets.xcassets; sourceTree = "<group>"; };
		93FE57551CE3B11E00C787C3 /* Info.plist */ = {isa = PBXFileReference; lastKnownFileType = text.plist.xml; path = Info.plist; sourceTree = "<group>"; };
		B11EAA001D1488F900BB7652 /* CustomButton.swift */ = {isa = PBXFileReference; fileEncoding = 4; lastKnownFileType = sourcecode.swift; path = CustomButton.swift; sourceTree = "<group>"; };
		B11EAA021D148A0A00BB7652 /* Restart.png */ = {isa = PBXFileReference; lastKnownFileType = image.png; path = Restart.png; sourceTree = "<group>"; };
		B11EAA041D148A3900BB7652 /* Home.png */ = {isa = PBXFileReference; lastKnownFileType = image.png; path = Home.png; sourceTree = "<group>"; };
		B1F152BC1D089B97005AD4CF /* GameOverScene.swift */ = {isa = PBXFileReference; fileEncoding = 4; lastKnownFileType = sourcecode.swift; path = GameOverScene.swift; sourceTree = "<group>"; };
/* End PBXFileReference section */

/* Begin PBXFrameworksBuildPhase section */
		93FE57401CE3B11E00C787C3 /* Frameworks */ = {
			isa = PBXFrameworksBuildPhase;
			buildActionMask = 2147483647;
			files = (
			);
			runOnlyForDeploymentPostprocessing = 0;
		};
/* End PBXFrameworksBuildPhase section */

/* Begin PBXGroup section */
		93894D361CE3BBBE008677AB /* Persistence */ = {
			isa = PBXGroup;
			children = (
				2704FD7B1CE5053A00EEA563 /* HighScore+CoreDataProperties.swift */,
				2704FD7C1CE5053A00EEA563 /* HighScore.swift */,
				2704FD781CE503C200EEA563 /* HighScoreModel.xcdatamodeld */,
			);
			name = Persistence;
			sourceTree = "<group>";
		};
		93894D371CE3BBDB008677AB /* Layers */ = {
			isa = PBXGroup;
			children = (
				93894D3A1CE3BC42008677AB /* GameLayer.swift */,
				93894D3C1CE3BCBD008677AB /* BackgroundLayer.swift */,
				93894D3E1CE3BD28008677AB /* HudLayer.swift */,
			);
			name = Layers;
			sourceTree = "<group>";
		};
		93894D381CE3BBE4008677AB /* Resources */ = {
			isa = PBXGroup;
			children = (
				02208F7B1CE4FBBB009AF914 /* bensound-funnysong.mp3 */,
				B11EAA041D148A3900BB7652 /* Home.png */,
				2712B4971D14742400C12033 /* SmokeParticle.sks */,
				B11EAA021D148A0A00BB7652 /* Restart.png */,
				2712B4981D14742400C12033 /* spark.png */,
				27FFF4D81D1480AB009C2B93 /* FireParticle.sks */,
			);
			name = Resources;
			sourceTree = "<group>";
		};
		93894D391CE3BBF9008677AB /* Entity */ = {
			isa = PBXGroup;
			children = (
				93894D401CE3BD54008677AB /* Player.swift */,
				93894D421CE3BDC0008677AB /* GameObject.swift */,
				93894D441CE3BDD0008677AB /* Food.swift */,
				02208F7D1CE4FC58009AF914 /* BackgroundMusic.swift */,
				B11EAA001D1488F900BB7652 /* CustomButton.swift */,
			);
			name = Entity;
			sourceTree = "<group>";
		};
		93FE573A1CE3B11E00C787C3 = {
			isa = PBXGroup;
			children = (
				93FE57451CE3B11E00C787C3 /* Balance */,
				93FE57441CE3B11E00C787C3 /* Products */,
			);
			sourceTree = "<group>";
		};
		93FE57441CE3B11E00C787C3 /* Products */ = {
			isa = PBXGroup;
			children = (
				93FE57431CE3B11E00C787C3 /* Balance.app */,
			);
			name = Products;
			sourceTree = "<group>";
		};
		93FE57451CE3B11E00C787C3 /* Balance */ = {
			isa = PBXGroup;
			children = (
				93894D391CE3BBF9008677AB /* Entity */,
				93894D381CE3BBE4008677AB /* Resources */,
				93894D371CE3BBDB008677AB /* Layers */,
				93894D361CE3BBBE008677AB /* Persistence */,
				93FE57461CE3B11E00C787C3 /* AppDelegate.swift */,
				93FE57481CE3B11E00C787C3 /* GameScene.sks */,
				93FE574A1CE3B11E00C787C3 /* GameScene.swift */,
				B1F152BC1D089B97005AD4CF /* GameOverScene.swift */,
				93FE574C1CE3B11E00C787C3 /* GameViewController.swift */,
				02208F751CE3C2CA009AF914 /* MenuScene.swift */,
				02208F771CE3C927009AF914 /* MenuScene.sks */,
				93FE574E1CE3B11E00C787C3 /* Game.xcassets */,
				93FE57501CE3B11E00C787C3 /* Main.storyboard */,
				93FE57531CE3B11E00C787C3 /* Assets.xcassets */,
				93FE57551CE3B11E00C787C3 /* Info.plist */,
			);
			path = Balance;
			sourceTree = "<group>";
		};
/* End PBXGroup section */

/* Begin PBXNativeTarget section */
		93FE57421CE3B11E00C787C3 /* Balance */ = {
			isa = PBXNativeTarget;
			buildConfigurationList = 93FE57581CE3B11E00C787C3 /* Build configuration list for PBXNativeTarget "Balance" */;
			buildPhases = (
				93FE573F1CE3B11E00C787C3 /* Sources */,
				93FE57401CE3B11E00C787C3 /* Frameworks */,
				93FE57411CE3B11E00C787C3 /* Resources */,
			);
			buildRules = (
			);
			dependencies = (
			);
			name = Balance;
			productName = Balance;
			productReference = 93FE57431CE3B11E00C787C3 /* Balance.app */;
			productType = "com.apple.product-type.application";
		};
/* End PBXNativeTarget section */

/* Begin PBXProject section */
		93FE573B1CE3B11E00C787C3 /* Project object */ = {
			isa = PBXProject;
			attributes = {
				LastSwiftUpdateCheck = 0730;
				LastUpgradeCheck = 0730;
				ORGANIZATIONNAME = BEPiD;
				TargetAttributes = {
					93FE57421CE3B11E00C787C3 = {
						CreatedOnToolsVersion = 7.3;
						DevelopmentTeam = TWDG99C44U;
						DevelopmentTeam = 9YKWWS6Y47;
					};
				};
			};
			buildConfigurationList = 93FE573E1CE3B11E00C787C3 /* Build configuration list for PBXProject "Balance" */;
			compatibilityVersion = "Xcode 3.2";
			developmentRegion = English;
			hasScannedForEncodings = 0;
			knownRegions = (
				en,
				Base,
			);
			mainGroup = 93FE573A1CE3B11E00C787C3;
			productRefGroup = 93FE57441CE3B11E00C787C3 /* Products */;
			projectDirPath = "";
			projectRoot = "";
			targets = (
				93FE57421CE3B11E00C787C3 /* Balance */,
			);
		};
/* End PBXProject section */

/* Begin PBXResourcesBuildPhase section */
		93FE57411CE3B11E00C787C3 /* Resources */ = {
			isa = PBXResourcesBuildPhase;
			buildActionMask = 2147483647;
			files = (
				02208F7C1CE4FBBB009AF914 /* bensound-funnysong.mp3 in Resources */,
				93FE57521CE3B11E00C787C3 /* Main.storyboard in Resources */,
				B11EAA051D148A3900BB7652 /* Home.png in Resources */,
				93FE57491CE3B11E00C787C3 /* GameScene.sks in Resources */,
				2712B4991D14742400C12033 /* SmokeParticle.sks in Resources */,
				B11EAA031D148A0A00BB7652 /* Restart.png in Resources */,
				93FE57541CE3B11E00C787C3 /* Assets.xcassets in Resources */,
				27FFF4D91D1480AB009C2B93 /* FireParticle.sks in Resources */,
				2712B49A1D14742400C12033 /* spark.png in Resources */,
				02208F781CE3C927009AF914 /* MenuScene.sks in Resources */,
				93FE574F1CE3B11E00C787C3 /* Game.xcassets in Resources */,
			);
			runOnlyForDeploymentPostprocessing = 0;
		};
/* End PBXResourcesBuildPhase section */

/* Begin PBXSourcesBuildPhase section */
		93FE573F1CE3B11E00C787C3 /* Sources */ = {
			isa = PBXSourcesBuildPhase;
			buildActionMask = 2147483647;
			files = (
				2704FD7D1CE5053A00EEA563 /* HighScore+CoreDataProperties.swift in Sources */,
				93FE574B1CE3B11E00C787C3 /* GameScene.swift in Sources */,
				93894D3B1CE3BC42008677AB /* GameLayer.swift in Sources */,
				93894D3D1CE3BCBD008677AB /* BackgroundLayer.swift in Sources */,
				B11EAA011D1488F900BB7652 /* CustomButton.swift in Sources */,
				2704FD7E1CE5053A00EEA563 /* HighScore.swift in Sources */,
				93894D3F1CE3BD28008677AB /* HudLayer.swift in Sources */,
				93894D431CE3BDC0008677AB /* GameObject.swift in Sources */,
				93894D451CE3BDD0008677AB /* Food.swift in Sources */,
				02208F761CE3C2CA009AF914 /* MenuScene.swift in Sources */,
				93894D411CE3BD54008677AB /* Player.swift in Sources */,
				B1F152BD1D089B97005AD4CF /* GameOverScene.swift in Sources */,
				2704FD7A1CE503C200EEA563 /* HighScoreModel.xcdatamodeld in Sources */,
				02208F7E1CE4FC58009AF914 /* BackgroundMusic.swift in Sources */,
				93FE574D1CE3B11E00C787C3 /* GameViewController.swift in Sources */,
				93FE57471CE3B11E00C787C3 /* AppDelegate.swift in Sources */,
			);
			runOnlyForDeploymentPostprocessing = 0;
		};
/* End PBXSourcesBuildPhase section */

/* Begin PBXVariantGroup section */
		93FE57501CE3B11E00C787C3 /* Main.storyboard */ = {
			isa = PBXVariantGroup;
			children = (
				93FE57511CE3B11E00C787C3 /* Base */,
			);
			name = Main.storyboard;
			sourceTree = "<group>";
		};
/* End PBXVariantGroup section */

/* Begin XCBuildConfiguration section */
		93FE57561CE3B11E00C787C3 /* Debug */ = {
			isa = XCBuildConfiguration;
			buildSettings = {
				ALWAYS_SEARCH_USER_PATHS = NO;
				CLANG_ANALYZER_NONNULL = YES;
				CLANG_CXX_LANGUAGE_STANDARD = "gnu++0x";
				CLANG_CXX_LIBRARY = "libc++";
				CLANG_ENABLE_MODULES = YES;
				CLANG_ENABLE_OBJC_ARC = YES;
				CLANG_WARN_BOOL_CONVERSION = YES;
				CLANG_WARN_CONSTANT_CONVERSION = YES;
				CLANG_WARN_DIRECT_OBJC_ISA_USAGE = YES_ERROR;
				CLANG_WARN_EMPTY_BODY = YES;
				CLANG_WARN_ENUM_CONVERSION = YES;
				CLANG_WARN_INT_CONVERSION = YES;
				CLANG_WARN_OBJC_ROOT_CLASS = YES_ERROR;
				CLANG_WARN_UNREACHABLE_CODE = YES;
				CLANG_WARN__DUPLICATE_METHOD_MATCH = YES;
				COPY_PHASE_STRIP = NO;
				DEBUG_INFORMATION_FORMAT = "dwarf-with-dsym";
				ENABLE_STRICT_OBJC_MSGSEND = YES;
				ENABLE_TESTABILITY = YES;
				GCC_C_LANGUAGE_STANDARD = gnu99;
				GCC_DYNAMIC_NO_PIC = NO;
				GCC_NO_COMMON_BLOCKS = YES;
				GCC_OPTIMIZATION_LEVEL = 0;
				GCC_PREPROCESSOR_DEFINITIONS = (
					"DEBUG=1",
					"$(inherited)",
				);
				GCC_WARN_64_TO_32_BIT_CONVERSION = YES;
				GCC_WARN_ABOUT_RETURN_TYPE = YES_ERROR;
				GCC_WARN_UNDECLARED_SELECTOR = YES;
				GCC_WARN_UNINITIALIZED_AUTOS = YES_AGGRESSIVE;
				GCC_WARN_UNUSED_FUNCTION = YES;
				GCC_WARN_UNUSED_VARIABLE = YES;
				MTL_ENABLE_DEBUG_INFO = YES;
				ONLY_ACTIVE_ARCH = YES;
				SDKROOT = appletvos;
				SWIFT_OPTIMIZATION_LEVEL = "-Onone";
				TARGETED_DEVICE_FAMILY = 3;
				TVOS_DEPLOYMENT_TARGET = 9.2;
			};
			name = Debug;
		};
		93FE57571CE3B11E00C787C3 /* Release */ = {
			isa = XCBuildConfiguration;
			buildSettings = {
				ALWAYS_SEARCH_USER_PATHS = NO;
				CLANG_ANALYZER_NONNULL = YES;
				CLANG_CXX_LANGUAGE_STANDARD = "gnu++0x";
				CLANG_CXX_LIBRARY = "libc++";
				CLANG_ENABLE_MODULES = YES;
				CLANG_ENABLE_OBJC_ARC = YES;
				CLANG_WARN_BOOL_CONVERSION = YES;
				CLANG_WARN_CONSTANT_CONVERSION = YES;
				CLANG_WARN_DIRECT_OBJC_ISA_USAGE = YES_ERROR;
				CLANG_WARN_EMPTY_BODY = YES;
				CLANG_WARN_ENUM_CONVERSION = YES;
				CLANG_WARN_INT_CONVERSION = YES;
				CLANG_WARN_OBJC_ROOT_CLASS = YES_ERROR;
				CLANG_WARN_UNREACHABLE_CODE = YES;
				CLANG_WARN__DUPLICATE_METHOD_MATCH = YES;
				COPY_PHASE_STRIP = NO;
				DEBUG_INFORMATION_FORMAT = "dwarf-with-dsym";
				ENABLE_NS_ASSERTIONS = NO;
				ENABLE_STRICT_OBJC_MSGSEND = YES;
				GCC_C_LANGUAGE_STANDARD = gnu99;
				GCC_NO_COMMON_BLOCKS = YES;
				GCC_WARN_64_TO_32_BIT_CONVERSION = YES;
				GCC_WARN_ABOUT_RETURN_TYPE = YES_ERROR;
				GCC_WARN_UNDECLARED_SELECTOR = YES;
				GCC_WARN_UNINITIALIZED_AUTOS = YES_AGGRESSIVE;
				GCC_WARN_UNUSED_FUNCTION = YES;
				GCC_WARN_UNUSED_VARIABLE = YES;
				MTL_ENABLE_DEBUG_INFO = NO;
				SDKROOT = appletvos;
				TARGETED_DEVICE_FAMILY = 3;
				TVOS_DEPLOYMENT_TARGET = 9.2;
				VALIDATE_PRODUCT = YES;
			};
			name = Release;
		};
		93FE57591CE3B11E00C787C3 /* Debug */ = {
			isa = XCBuildConfiguration;
			buildSettings = {
				ASSETCATALOG_COMPILER_APPICON_NAME = "Brand Assets";
				CODE_SIGN_IDENTITY = "iPhone Developer";
				"CODE_SIGN_IDENTITY[sdk=appletvos*]" = "iPhone Developer";
				INFOPLIST_FILE = Balance/Info.plist;
				LD_RUNPATH_SEARCH_PATHS = "$(inherited) @executable_path/Frameworks";
				PRODUCT_BUNDLE_IDENTIFIER = BEPiD.Balance;
				PRODUCT_NAME = "$(TARGET_NAME)";
				PROVISIONING_PROFILE = "";
			};
			name = Debug;
		};
		93FE575A1CE3B11E00C787C3 /* Release */ = {
			isa = XCBuildConfiguration;
			buildSettings = {
				ASSETCATALOG_COMPILER_APPICON_NAME = "Brand Assets";
				CODE_SIGN_IDENTITY = "iPhone Developer";
				"CODE_SIGN_IDENTITY[sdk=appletvos*]" = "iPhone Developer";
				INFOPLIST_FILE = Balance/Info.plist;
				LD_RUNPATH_SEARCH_PATHS = "$(inherited) @executable_path/Frameworks";
				PRODUCT_BUNDLE_IDENTIFIER = BEPiD.Balance;
				PRODUCT_NAME = "$(TARGET_NAME)";
				PROVISIONING_PROFILE = "";
			};
			name = Release;
		};
/* End XCBuildConfiguration section */

/* Begin XCConfigurationList section */
		93FE573E1CE3B11E00C787C3 /* Build configuration list for PBXProject "Balance" */ = {
			isa = XCConfigurationList;
			buildConfigurations = (
				93FE57561CE3B11E00C787C3 /* Debug */,
				93FE57571CE3B11E00C787C3 /* Release */,
			);
			defaultConfigurationIsVisible = 0;
			defaultConfigurationName = Release;
		};
		93FE57581CE3B11E00C787C3 /* Build configuration list for PBXNativeTarget "Balance" */ = {
			isa = XCConfigurationList;
			buildConfigurations = (
				93FE57591CE3B11E00C787C3 /* Debug */,
				93FE575A1CE3B11E00C787C3 /* Release */,
			);
			defaultConfigurationIsVisible = 0;
			defaultConfigurationName = Release;
		};
/* End XCConfigurationList section */

/* Begin XCVersionGroup section */
		2704FD781CE503C200EEA563 /* HighScoreModel.xcdatamodeld */ = {
			isa = XCVersionGroup;
			children = (
				2704FD791CE503C200EEA563 /* HighScoreModel.xcdatamodel */,
			);
			currentVersion = 2704FD791CE503C200EEA563 /* HighScoreModel.xcdatamodel */;
			path = HighScoreModel.xcdatamodeld;
			sourceTree = "<group>";
			versionGroupType = wrapper.xcdatamodel;
		};
/* End XCVersionGroup section */
	};
	rootObject = 93FE573B1CE3B11E00C787C3 /* Project object */;
}
