// !$*UTF8*$!
{
	archiveVersion = 1;
	classes = {
	};
	objectVersion = 46;
	objects = {

/* Begin PBXBuildFile section */
		9348C7FC1CEE4008002C5AFC /* AppDelegate.swift in Sources */ = {isa = PBXBuildFile; fileRef = 9348C7FB1CEE4008002C5AFC /* AppDelegate.swift */; };
		9348C7FE1CEE4008002C5AFC /* ViewController.swift in Sources */ = {isa = PBXBuildFile; fileRef = 9348C7FD1CEE4008002C5AFC /* ViewController.swift */; };
		9348C8011CEE4008002C5AFC /* Main.storyboard in Resources */ = {isa = PBXBuildFile; fileRef = 9348C7FF1CEE4008002C5AFC /* Main.storyboard */; };
		9348C8031CEE4008002C5AFC /* Assets.xcassets in Resources */ = {isa = PBXBuildFile; fileRef = 9348C8021CEE4008002C5AFC /* Assets.xcassets */; };
/* End PBXBuildFile section */

/* Begin PBXFileReference section */
		9348C7F81CEE4008002C5AFC /* HandsOn.app */ = {isa = PBXFileReference; explicitFileType = wrapper.application; includeInIndex = 0; path = HandsOn.app; sourceTree = BUILT_PRODUCTS_DIR; };
		9348C7FB1CEE4008002C5AFC /* AppDelegate.swift */ = {isa = PBXFileReference; lastKnownFileType = sourcecode.swift; path = AppDelegate.swift; sourceTree = "<group>"; };
		9348C7FD1CEE4008002C5AFC /* ViewController.swift */ = {isa = PBXFileReference; lastKnownFileType = sourcecode.swift; path = ViewController.swift; sourceTree = "<group>"; };
		9348C8001CEE4008002C5AFC /* Base */ = {isa = PBXFileReference; lastKnownFileType = file.storyboard; name = Base; path = Base.lproj/Main.storyboard; sourceTree = "<group>"; };
		9348C8021CEE4008002C5AFC /* Assets.xcassets */ = {isa = PBXFileReference; lastKnownFileType = folder.assetcatalog; path = Assets.xcassets; sourceTree = "<group>"; };
		9348C8041CEE4008002C5AFC /* Info.plist */ = {isa = PBXFileReference; lastKnownFileType = text.plist.xml; path = Info.plist; sourceTree = "<group>"; };
/* End PBXFileReference section */

/* Begin PBXFrameworksBuildPhase section */
		9348C7F51CEE4008002C5AFC /* Frameworks */ = {
			isa = PBXFrameworksBuildPhase;
			buildActionMask = 2147483647;
			files = (
			);
			runOnlyForDeploymentPostprocessing = 0;
		};
/* End PBXFrameworksBuildPhase section */

/* Begin PBXGroup section */
		9348C7EF1CEE4008002C5AFC = {
			isa = PBXGroup;
			children = (
				9348C7FA1CEE4008002C5AFC /* HandsOn */,
				9348C7F91CEE4008002C5AFC /* Products */,
			);
			sourceTree = "<group>";
		};
		9348C7F91CEE4008002C5AFC /* Products */ = {
			isa = PBXGroup;
			children = (
				9348C7F81CEE4008002C5AFC /* HandsOn.app */,
			);
			name = Products;
			sourceTree = "<group>";
		};
		9348C7FA1CEE4008002C5AFC /* HandsOn */ = {
			isa = PBXGroup;
			children = (
				9348C7FB1CEE4008002C5AFC /* AppDelegate.swift */,
				9348C7FD1CEE4008002C5AFC /* ViewController.swift */,
				9348C7FF1CEE4008002C5AFC /* Main.storyboard */,
				9348C8021CEE4008002C5AFC /* Assets.xcassets */,
				9348C8041CEE4008002C5AFC /* Info.plist */,
			);
			path = HandsOn;
			sourceTree = "<group>";
		};
/* End PBXGroup section */

/* Begin PBXNativeTarget section */
		9348C7F71CEE4008002C5AFC /* HandsOn */ = {
			isa = PBXNativeTarget;
			buildConfigurationList = 9348C8071CEE4008002C5AFC /* Build configuration list for PBXNativeTarget "HandsOn" */;
			buildPhases = (
				9348C7F41CEE4008002C5AFC /* Sources */,
				9348C7F51CEE4008002C5AFC /* Frameworks */,
				9348C7F61CEE4008002C5AFC /* Resources */,
			);
			buildRules = (
			);
			dependencies = (
			);
			name = HandsOn;
			productName = HandsOn;
			productReference = 9348C7F81CEE4008002C5AFC /* HandsOn.app */;
			productType = "com.apple.product-type.application";
		};
/* End PBXNativeTarget section */

/* Begin PBXProject section */
		9348C7F01CEE4008002C5AFC /* Project object */ = {
			isa = PBXProject;
			attributes = {
				LastSwiftUpdateCheck = 0730;
				LastUpgradeCheck = 0730;
				ORGANIZATIONNAME = BEPiD;
				TargetAttributes = {
					9348C7F71CEE4008002C5AFC = {
						CreatedOnToolsVersion = 7.3.1;
					};
				};
			};
			buildConfigurationList = 9348C7F31CEE4008002C5AFC /* Build configuration list for PBXProject "HandsOn" */;
			compatibilityVersion = "Xcode 3.2";
			developmentRegion = English;
			hasScannedForEncodings = 0;
			knownRegions = (
				en,
				Base,
			);
			mainGroup = 9348C7EF1CEE4008002C5AFC;
			productRefGroup = 9348C7F91CEE4008002C5AFC /* Products */;
			projectDirPath = "";
			projectRoot = "";
			targets = (
				9348C7F71CEE4008002C5AFC /* HandsOn */,
			);
		};
/* End PBXProject section */

/* Begin PBXResourcesBuildPhase section */
		9348C7F61CEE4008002C5AFC /* Resources */ = {
			isa = PBXResourcesBuildPhase;
			buildActionMask = 2147483647;
			files = (
				9348C8031CEE4008002C5AFC /* Assets.xcassets in Resources */,
				9348C8011CEE4008002C5AFC /* Main.storyboard in Resources */,
			);
			runOnlyForDeploymentPostprocessing = 0;
		};
/* End PBXResourcesBuildPhase section */

/* Begin PBXSourcesBuildPhase section */
		9348C7F41CEE4008002C5AFC /* Sources */ = {
			isa = PBXSourcesBuildPhase;
			buildActionMask = 2147483647;
			files = (
				9348C7FE1CEE4008002C5AFC /* ViewController.swift in Sources */,
				9348C7FC1CEE4008002C5AFC /* AppDelegate.swift in Sources */,
			);
			runOnlyForDeploymentPostprocessing = 0;
		};
/* End PBXSourcesBuildPhase section */

/* Begin PBXVariantGroup section */
		9348C7FF1CEE4008002C5AFC /* Main.storyboard */ = {
			isa = PBXVariantGroup;
			children = (
				9348C8001CEE4008002C5AFC /* Base */,
			);
			name = Main.storyboard;
			sourceTree = "<group>";
		};
/* End PBXVariantGroup section */

/* Begin XCBuildConfiguration section */
		9348C8051CEE4008002C5AFC /* Debug */ = {
			isa = XCBuildConfiguration;
			buildSettings = {
				ALWAYS_SEARCH_USER_PATHS = NO;
				CLANG_ANALYZER_NONNULL = YES;
				CLANG_CXX_LANGUAGE_STANDARD = "gnu++0x";
				CLANG_CXX_LIBRARY = "libc++";
				CLANG_ENABLE_MODULES = YES;
				CLANG_ENABLE_OBJC_ARC = YES;
				CLANG_WARN_BOOL_CONVERSION = YES;
				CLANG_WARN_CONSTANT_CONVERSION = YES;
				CLANG_WARN_DIRECT_OBJC_ISA_USAGE = YES_ERROR;
				CLANG_WARN_EMPTY_BODY = YES;
				CLANG_WARN_ENUM_CONVERSION = YES;
				CLANG_WARN_INT_CONVERSION = YES;
				CLANG_WARN_OBJC_ROOT_CLASS = YES_ERROR;
				CLANG_WARN_UNREACHABLE_CODE = YES;
				CLANG_WARN__DUPLICATE_METHOD_MATCH = YES;
				COPY_PHASE_STRIP = NO;
				DEBUG_INFORMATION_FORMAT = dwarf;
				ENABLE_STRICT_OBJC_MSGSEND = YES;
				ENABLE_TESTABILITY = YES;
				GCC_C_LANGUAGE_STANDARD = gnu99;
				GCC_DYNAMIC_NO_PIC = NO;
				GCC_NO_COMMON_BLOCKS = YES;
				GCC_OPTIMIZATION_LEVEL = 0;
				GCC_PREPROCESSOR_DEFINITIONS = (
					"DEBUG=1",
					"$(inherited)",
				);
				GCC_WARN_64_TO_32_BIT_CONVERSION = YES;
				GCC_WARN_ABOUT_RETURN_TYPE = YES_ERROR;
				GCC_WARN_UNDECLARED_SELECTOR = YES;
				GCC_WARN_UNINITIALIZED_AUTOS = YES_AGGRESSIVE;
				GCC_WARN_UNUSED_FUNCTION = YES;
				GCC_WARN_UNUSED_VARIABLE = YES;
				MTL_ENABLE_DEBUG_INFO = YES;
				ONLY_ACTIVE_ARCH = YES;
				SDKROOT = appletvos;
				SWIFT_OPTIMIZATION_LEVEL = "-Onone";
				TARGETED_DEVICE_FAMILY = 3;
				TVOS_DEPLOYMENT_TARGET = 9.2;
			};
			name = Debug;
		};
		9348C8061CEE4008002C5AFC /* Release */ = {
			isa = XCBuildConfiguration;
			buildSettings = {
				ALWAYS_SEARCH_USER_PATHS = NO;
				CLANG_ANALYZER_NONNULL = YES;
				CLANG_CXX_LANGUAGE_STANDARD = "gnu++0x";
				CLANG_CXX_LIBRARY = "libc++";
				CLANG_ENABLE_MODULES = YES;
				CLANG_ENABLE_OBJC_ARC = YES;
				CLANG_WARN_BOOL_CONVERSION = YES;
				CLANG_WARN_CONSTANT_CONVERSION = YES;
				CLANG_WARN_DIRECT_OBJC_ISA_USAGE = YES_ERROR;
				CLANG_WARN_EMPTY_BODY = YES;
				CLANG_WARN_ENUM_CONVERSION = YES;
				CLANG_WARN_INT_CONVERSION = YES;
				CLANG_WARN_OBJC_ROOT_CLASS = YES_ERROR;
				CLANG_WARN_UNREACHABLE_CODE = YES;
				CLANG_WARN__DUPLICATE_METHOD_MATCH = YES;
				COPY_PHASE_STRIP = NO;
				DEBUG_INFORMATION_FORMAT = "dwarf-with-dsym";
				ENABLE_NS_ASSERTIONS = NO;
				ENABLE_STRICT_OBJC_MSGSEND = YES;
				GCC_C_LANGUAGE_STANDARD = gnu99;
				GCC_NO_COMMON_BLOCKS = YES;
				GCC_WARN_64_TO_32_BIT_CONVERSION = YES;
				GCC_WARN_ABOUT_RETURN_TYPE = YES_ERROR;
				GCC_WARN_UNDECLARED_SELECTOR = YES;
				GCC_WARN_UNINITIALIZED_AUTOS = YES_AGGRESSIVE;
				GCC_WARN_UNUSED_FUNCTION = YES;
				GCC_WARN_UNUSED_VARIABLE = YES;
				MTL_ENABLE_DEBUG_INFO = NO;
				SDKROOT = appletvos;
				TARGETED_DEVICE_FAMILY = 3;
				TVOS_DEPLOYMENT_TARGET = 9.2;
				VALIDATE_PRODUCT = YES;
			};
			name = Release;
		};
		9348C8081CEE4008002C5AFC /* Debug */ = {
			isa = XCBuildConfiguration;
			buildSettings = {
				ASSETCATALOG_COMPILER_APPICON_NAME = "App Icon & Top Shelf Image";
				ASSETCATALOG_COMPILER_LAUNCHIMAGE_NAME = LaunchImage;
				INFOPLIST_FILE = HandsOn/Info.plist;
				LD_RUNPATH_SEARCH_PATHS = "$(inherited) @executable_path/Frameworks";
				PRODUCT_BUNDLE_IDENTIFIER = BEPiD.HandsOn;
				PRODUCT_NAME = "$(TARGET_NAME)";
			};
			name = Debug;
		};
		9348C8091CEE4008002C5AFC /* Release */ = {
			isa = XCBuildConfiguration;
			buildSettings = {
				ASSETCATALOG_COMPILER_APPICON_NAME = "App Icon & Top Shelf Image";
				ASSETCATALOG_COMPILER_LAUNCHIMAGE_NAME = LaunchImage;
				INFOPLIST_FILE = HandsOn/Info.plist;
				LD_RUNPATH_SEARCH_PATHS = "$(inherited) @executable_path/Frameworks";
				PRODUCT_BUNDLE_IDENTIFIER = BEPiD.HandsOn;
				PRODUCT_NAME = "$(TARGET_NAME)";
			};
			name = Release;
		};
/* End XCBuildConfiguration section */

/* Begin XCConfigurationList section */
		9348C7F31CEE4008002C5AFC /* Build configuration list for PBXProject "HandsOn" */ = {
			isa = XCConfigurationList;
			buildConfigurations = (
				9348C8051CEE4008002C5AFC /* Debug */,
				9348C8061CEE4008002C5AFC /* Release */,
			);
			defaultConfigurationIsVisible = 0;
			defaultConfigurationName = Release;
		};
		9348C8071CEE4008002C5AFC /* Build configuration list for PBXNativeTarget "HandsOn" */ = {
			isa = XCConfigurationList;
			buildConfigurations = (
				9348C8081CEE4008002C5AFC /* Debug */,
				9348C8091CEE4008002C5AFC /* Release */,
			);
			defaultConfigurationIsVisible = 0;
		};
/* End XCConfigurationList section */
	};
	rootObject = 9348C7F01CEE4008002C5AFC /* Project object */;
}
